
Microsoft Visual Studio Solution File, Format Version 12.00
# Visual Studio Version 16
VisualStudioVersion = 16.0.30907.101
MinimumVisualStudioVersion = 10.0.40219.1
Project("{9A19103F-16F7-4668-BE54-9A1E7A4F7556}") = "Raccoon.Devkits.InterceptProxy", "Raccoon.Devkits.InterceptProxy\Raccoon.Devkits.InterceptProxy.csproj", "{A647D6B6-3CF6-4B1C-BF91-BB0CD200393C}"
EndProject
Project("{9A19103F-16F7-4668-BE54-9A1E7A4F7556}") = "Raccoon.Devkits.InterceptProxy.UnitTest", "Raccoon.Devkits.InterceptProxy.UnitTest\Raccoon.Devkits.InterceptProxy.UnitTest.csproj", "{E88317EF-6CBF-4D16-AB94-8B5E2BCB31B1}"
EndProject
Global
	GlobalSection(SolutionConfigurationPlatforms) = preSolution
		Debug|Any CPU = Debug|Any CPU
		Release|Any CPU = Release|Any CPU
	EndGlobalSection
	GlobalSection(ProjectConfigurationPlatforms) = postSolution
		{A647D6B6-3CF6-4B1C-BF91-BB0CD200393C}.Debug|Any CPU.ActiveCfg = Debug|Any CPU
		{A647D6B6-3CF6-4B1C-BF91-BB0CD200393C}.Debug|Any CPU.Build.0 = Debug|Any CPU
		{A647D6B6-3CF6-4B1C-BF91-BB0CD200393C}.Release|Any CPU.ActiveCfg = Release|Any CPU
		{A647D6B6-3CF6-4B1C-BF91-BB0CD200393C}.Release|Any CPU.Build.0 = Release|Any CPU
		{E88317EF-6CBF-4D16-AB94-8B5E2BCB31B1}.Debug|Any CPU.ActiveCfg = Debug|Any CPU
		{E88317EF-6CBF-4D16-AB94-8B5E2BCB31B1}.Debug|Any CPU.Build.0 = Debug|Any CPU
		{E88317EF-6CBF-4D16-AB94-8B5E2BCB31B1}.Release|Any CPU.ActiveCfg = Release|Any CPU
		{E88317EF-6CBF-4D16-AB94-8B5E2BCB31B1}.Release|Any CPU.Build.0 = Release|Any CPU
	EndGlobalSection
	GlobalSection(SolutionProperties) = preSolution
		HideSolutionNode = FALSE
	EndGlobalSection
	GlobalSection(ExtensibilityGlobals) = postSolution
		SolutionGuid = {64A475F7-2144-446B-A1DE-D765DE4D9BBD}
	EndGlobalSection
EndGlobal
